
Microsoft Visual Studio Solution File, Format Version 12.00
# Visual Studio Version 16
VisualStudioVersion = 16.0.32901.82
MinimumVisualStudioVersion = 10.0.40219.1
Project("{FAE04EC0-301F-11D3-BF4B-00C04F79EFBC}") = "TELECOMANDO", "TELECOMANDO\TELECOMANDO.csproj", "{A5AA43A5-4E81-49DE-A436-66D026DCC275}"
EndProject
Global
	GlobalSection(SolutionConfigurationPlatforms) = preSolution
		Debug|Any CPU = Debug|Any CPU
		Release|Any CPU = Release|Any CPU
	EndGlobalSection
	GlobalSection(ProjectConfigurationPlatforms) = postSolution
		{A5AA43A5-4E81-49DE-A436-66D026DCC275}.Debug|Any CPU.ActiveCfg = Debug|Any CPU
		{A5AA43A5-4E81-49DE-A436-66D026DCC275}.Debug|Any CPU.Build.0 = Debug|Any CPU
		{A5AA43A5-4E81-49DE-A436-66D026DCC275}.Release|Any CPU.ActiveCfg = Release|Any CPU
		{A5AA43A5-4E81-49DE-A436-66D026DCC275}.Release|Any CPU.Build.0 = Release|Any CPU
	EndGlobalSection
	GlobalSection(SolutionProperties) = preSolution
		HideSolutionNode = FALSE
	EndGlobalSection
	GlobalSection(ExtensibilityGlobals) = postSolution
		SolutionGuid = {05C2F0FD-78E6-43EE-A1C5-42ADD577E758}
	EndGlobalSection
EndGlobal
